// !$*UTF8*$!
{
	archiveVersion = 1;
	classes = {
	};
	objectVersion = 46;
	objects = {

/* Begin PBXBuildFile section */
		30B9624C1F68D643000B8803 /* AppDelegate.swift in Sources */ = {isa = PBXBuildFile; fileRef = 30B9624B1F68D643000B8803 /* AppDelegate.swift */; };
		30B9624E1F68D643000B8803 /* ViewController.swift in Sources */ = {isa = PBXBuildFile; fileRef = 30B9624D1F68D643000B8803 /* ViewController.swift */; };
		30B962511F68D643000B8803 /* Main.storyboard in Resources */ = {isa = PBXBuildFile; fileRef = 30B9624F1F68D643000B8803 /* Main.storyboard */; };
		30B962531F68D643000B8803 /* Assets.xcassets in Resources */ = {isa = PBXBuildFile; fileRef = 30B962521F68D643000B8803 /* Assets.xcassets */; };
		30B962561F68D643000B8803 /* LaunchScreen.storyboard in Resources */ = {isa = PBXBuildFile; fileRef = 30B962541F68D643000B8803 /* LaunchScreen.storyboard */; };
		30B962611F68D643000B8803 /* memorizedPlaceTests.swift in Sources */ = {isa = PBXBuildFile; fileRef = 30B962601F68D643000B8803 /* memorizedPlaceTests.swift */; };
		30B9626C1F68D643000B8803 /* memorizedPlaceUITests.swift in Sources */ = {isa = PBXBuildFile; fileRef = 30B9626B1F68D643000B8803 /* memorizedPlaceUITests.swift */; };
		30B9627B1F68D655000B8803 /* CoreLocation.framework in Frameworks */ = {isa = PBXBuildFile; fileRef = 30B9627A1F68D655000B8803 /* CoreLocation.framework */; };
		30B9627D1F68D7EA000B8803 /* PlacesTableViewController.swift in Sources */ = {isa = PBXBuildFile; fileRef = 30B9627C1F68D7EA000B8803 /* PlacesTableViewController.swift */; };
/* End PBXBuildFile section */

/* Begin PBXContainerItemProxy section */
		30B9625D1F68D643000B8803 /* PBXContainerItemProxy */ = {
			isa = PBXContainerItemProxy;
			containerPortal = 30B962401F68D643000B8803 /* Project object */;
			proxyType = 1;
			remoteGlobalIDString = 30B962471F68D643000B8803;
			remoteInfo = memorizedPlace;
		};
		30B962681F68D643000B8803 /* PBXContainerItemProxy */ = {
			isa = PBXContainerItemProxy;
			containerPortal = 30B962401F68D643000B8803 /* Project object */;
			proxyType = 1;
			remoteGlobalIDString = 30B962471F68D643000B8803;
			remoteInfo = memorizedPlace;
		};
/* End PBXContainerItemProxy section */

/* Begin PBXFileReference section */
		30B962481F68D643000B8803 /* memorizedPlace.app */ = {isa = PBXFileReference; explicitFileType = wrapper.application; includeInIndex = 0; path = memorizedPlace.app; sourceTree = BUILT_PRODUCTS_DIR; };
		30B9624B1F68D643000B8803 /* AppDelegate.swift */ = {isa = PBXFileReference; lastKnownFileType = sourcecode.swift; path = AppDelegate.swift; sourceTree = "<group>"; };
		30B9624D1F68D643000B8803 /* ViewController.swift */ = {isa = PBXFileReference; lastKnownFileType = sourcecode.swift; path = ViewController.swift; sourceTree = "<group>"; };
		30B962501F68D643000B8803 /* Base */ = {isa = PBXFileReference; lastKnownFileType = file.storyboard; name = Base; path = Base.lproj/Main.storyboard; sourceTree = "<group>"; };
		30B962521F68D643000B8803 /* Assets.xcassets */ = {isa = PBXFileReference; lastKnownFileType = folder.assetcatalog; path = Assets.xcassets; sourceTree = "<group>"; };
		30B962551F68D643000B8803 /* Base */ = {isa = PBXFileReference; lastKnownFileType = file.storyboard; name = Base; path = Base.lproj/LaunchScreen.storyboard; sourceTree = "<group>"; };
		30B962571F68D643000B8803 /* Info.plist */ = {isa = PBXFileReference; lastKnownFileType = text.plist.xml; path = Info.plist; sourceTree = "<group>"; };
		30B9625C1F68D643000B8803 /* memorizedPlaceTests.xctest */ = {isa = PBXFileReference; explicitFileType = wrapper.cfbundle; includeInIndex = 0; path = memorizedPlaceTests.xctest; sourceTree = BUILT_PRODUCTS_DIR; };
		30B962601F68D643000B8803 /* memorizedPlaceTests.swift */ = {isa = PBXFileReference; lastKnownFileType = sourcecode.swift; path = memorizedPlaceTests.swift; sourceTree = "<group>"; };
		30B962621F68D643000B8803 /* Info.plist */ = {isa = PBXFileReference; lastKnownFileType = text.plist.xml; path = Info.plist; sourceTree = "<group>"; };
		30B962671F68D643000B8803 /* memorizedPlaceUITests.xctest */ = {isa = PBXFileReference; explicitFileType = wrapper.cfbundle; includeInIndex = 0; path = memorizedPlaceUITests.xctest; sourceTree = BUILT_PRODUCTS_DIR; };
		30B9626B1F68D643000B8803 /* memorizedPlaceUITests.swift */ = {isa = PBXFileReference; lastKnownFileType = sourcecode.swift; path = memorizedPlaceUITests.swift; sourceTree = "<group>"; };
		30B9626D1F68D643000B8803 /* Info.plist */ = {isa = PBXFileReference; lastKnownFileType = text.plist.xml; path = Info.plist; sourceTree = "<group>"; };
		30B9627A1F68D655000B8803 /* CoreLocation.framework */ = {isa = PBXFileReference; lastKnownFileType = wrapper.framework; name = CoreLocation.framework; path = System/Library/Frameworks/CoreLocation.framework; sourceTree = SDKROOT; };
		30B9627C1F68D7EA000B8803 /* PlacesTableViewController.swift */ = {isa = PBXFileReference; fileEncoding = 4; lastKnownFileType = sourcecode.swift; path = PlacesTableViewController.swift; sourceTree = "<group>"; };
/* End PBXFileReference section */

/* Begin PBXFrameworksBuildPhase section */
		30B962451F68D643000B8803 /* Frameworks */ = {
			isa = PBXFrameworksBuildPhase;
			buildActionMask = 2147483647;
			files = (
				30B9627B1F68D655000B8803 /* CoreLocation.framework in Frameworks */,
			);
			runOnlyForDeploymentPostprocessing = 0;
		};
		30B962591F68D643000B8803 /* Frameworks */ = {
			isa = PBXFrameworksBuildPhase;
			buildActionMask = 2147483647;
			files = (
			);
			runOnlyForDeploymentPostprocessing = 0;
		};
		30B962641F68D643000B8803 /* Frameworks */ = {
			isa = PBXFrameworksBuildPhase;
			buildActionMask = 2147483647;
			files = (
			);
			runOnlyForDeploymentPostprocessing = 0;
		};
/* End PBXFrameworksBuildPhase section */

/* Begin PBXGroup section */
		30B9623F1F68D643000B8803 = {
			isa = PBXGroup;
			children = (
				30B9624A1F68D643000B8803 /* memorizedPlace */,
				30B9625F1F68D643000B8803 /* memorizedPlaceTests */,
				30B9626A1F68D643000B8803 /* memorizedPlaceUITests */,
				30B962491F68D643000B8803 /* Products */,
				30B962791F68D655000B8803 /* Frameworks */,
			);
			sourceTree = "<group>";
		};
		30B962491F68D643000B8803 /* Products */ = {
			isa = PBXGroup;
			children = (
				30B962481F68D643000B8803 /* memorizedPlace.app */,
				30B9625C1F68D643000B8803 /* memorizedPlaceTests.xctest */,
				30B962671F68D643000B8803 /* memorizedPlaceUITests.xctest */,
			);
			name = Products;
			sourceTree = "<group>";
		};
		30B9624A1F68D643000B8803 /* memorizedPlace */ = {
			isa = PBXGroup;
			children = (
				30B9624B1F68D643000B8803 /* AppDelegate.swift */,
				30B9624D1F68D643000B8803 /* ViewController.swift */,
				30B9624F1F68D643000B8803 /* Main.storyboard */,
				30B9627C1F68D7EA000B8803 /* PlacesTableViewController.swift */,
				30B962521F68D643000B8803 /* Assets.xcassets */,
				30B962541F68D643000B8803 /* LaunchScreen.storyboard */,
				30B962571F68D643000B8803 /* Info.plist */,
			);
			path = memorizedPlace;
			sourceTree = "<group>";
		};
		30B9625F1F68D643000B8803 /* memorizedPlaceTests */ = {
			isa = PBXGroup;
			children = (
				30B962601F68D643000B8803 /* memorizedPlaceTests.swift */,
				30B962621F68D643000B8803 /* Info.plist */,
			);
			path = memorizedPlaceTests;
			sourceTree = "<group>";
		};
		30B9626A1F68D643000B8803 /* memorizedPlaceUITests */ = {
			isa = PBXGroup;
			children = (
				30B9626B1F68D643000B8803 /* memorizedPlaceUITests.swift */,
				30B9626D1F68D643000B8803 /* Info.plist */,
			);
			path = memorizedPlaceUITests;
			sourceTree = "<group>";
		};
		30B962791F68D655000B8803 /* Frameworks */ = {
			isa = PBXGroup;
			children = (
				30B9627A1F68D655000B8803 /* CoreLocation.framework */,
			);
			name = Frameworks;
			sourceTree = "<group>";
		};
/* End PBXGroup section */

/* Begin PBXNativeTarget section */
		30B962471F68D643000B8803 /* memorizedPlace */ = {
			isa = PBXNativeTarget;
			buildConfigurationList = 30B962701F68D643000B8803 /* Build configuration list for PBXNativeTarget "memorizedPlace" */;
			buildPhases = (
				30B962441F68D643000B8803 /* Sources */,
				30B962451F68D643000B8803 /* Frameworks */,
				30B962461F68D643000B8803 /* Resources */,
			);
			buildRules = (
			);
			dependencies = (
			);
			name = memorizedPlace;
			productName = memorizedPlace;
			productReference = 30B962481F68D643000B8803 /* memorizedPlace.app */;
			productType = "com.apple.product-type.application";
		};
		30B9625B1F68D643000B8803 /* memorizedPlaceTests */ = {
			isa = PBXNativeTarget;
			buildConfigurationList = 30B962731F68D643000B8803 /* Build configuration list for PBXNativeTarget "memorizedPlaceTests" */;
			buildPhases = (
				30B962581F68D643000B8803 /* Sources */,
				30B962591F68D643000B8803 /* Frameworks */,
				30B9625A1F68D643000B8803 /* Resources */,
			);
			buildRules = (
			);
			dependencies = (
				30B9625E1F68D643000B8803 /* PBXTargetDependency */,
			);
			name = memorizedPlaceTests;
			productName = memorizedPlaceTests;
			productReference = 30B9625C1F68D643000B8803 /* memorizedPlaceTests.xctest */;
			productType = "com.apple.product-type.bundle.unit-test";
		};
		30B962661F68D643000B8803 /* memorizedPlaceUITests */ = {
			isa = PBXNativeTarget;
			buildConfigurationList = 30B962761F68D643000B8803 /* Build configuration list for PBXNativeTarget "memorizedPlaceUITests" */;
			buildPhases = (
				30B962631F68D643000B8803 /* Sources */,
				30B962641F68D643000B8803 /* Frameworks */,
				30B962651F68D643000B8803 /* Resources */,
			);
			buildRules = (
			);
			dependencies = (
				30B962691F68D643000B8803 /* PBXTargetDependency */,
			);
			name = memorizedPlaceUITests;
			productName = memorizedPlaceUITests;
			productReference = 30B962671F68D643000B8803 /* memorizedPlaceUITests.xctest */;
			productType = "com.apple.product-type.bundle.ui-testing";
		};
/* End PBXNativeTarget section */

/* Begin PBXProject section */
		30B962401F68D643000B8803 /* Project object */ = {
			isa = PBXProject;
			attributes = {
				LastSwiftUpdateCheck = 0830;
				LastUpgradeCheck = 0830;
				ORGANIZATIONNAME = "Jiawei Zhao";
				TargetAttributes = {
					30B962471F68D643000B8803 = {
						CreatedOnToolsVersion = 8.3.3;
						ProvisioningStyle = Automatic;
					};
					30B9625B1F68D643000B8803 = {
						CreatedOnToolsVersion = 8.3.3;
						ProvisioningStyle = Automatic;
						TestTargetID = 30B962471F68D643000B8803;
					};
					30B962661F68D643000B8803 = {
						CreatedOnToolsVersion = 8.3.3;
						ProvisioningStyle = Automatic;
						TestTargetID = 30B962471F68D643000B8803;
					};
				};
			};
			buildConfigurationList = 30B962431F68D643000B8803 /* Build configuration list for PBXProject "memorizedPlace" */;
			compatibilityVersion = "Xcode 3.2";
			developmentRegion = English;
			hasScannedForEncodings = 0;
			knownRegions = (
				en,
				Base,
			);
			mainGroup = 30B9623F1F68D643000B8803;
			productRefGroup = 30B962491F68D643000B8803 /* Products */;
			projectDirPath = "";
			projectRoot = "";
			targets = (
				30B962471F68D643000B8803 /* memorizedPlace */,
				30B9625B1F68D643000B8803 /* memorizedPlaceTests */,
				30B962661F68D643000B8803 /* memorizedPlaceUITests */,
			);
		};
/* End PBXProject section */

/* Begin PBXResourcesBuildPhase section */
		30B962461F68D643000B8803 /* Resources */ = {
			isa = PBXResourcesBuildPhase;
			buildActionMask = 2147483647;
			files = (
				30B962561F68D643000B8803 /* LaunchScreen.storyboard in Resources */,
				30B962531F68D643000B8803 /* Assets.xcassets in Resources */,
				30B962511F68D643000B8803 /* Main.storyboard in Resources */,
			);
			runOnlyForDeploymentPostprocessing = 0;
		};
		30B9625A1F68D643000B8803 /* Resources */ = {
			isa = PBXResourcesBuildPhase;
			buildActionMask = 2147483647;
			files = (
			);
			runOnlyForDeploymentPostprocessing = 0;
		};
		30B962651F68D643000B8803 /* Resources */ = {
			isa = PBXResourcesBuildPhase;
			buildActionMask = 2147483647;
			files = (
			);
			runOnlyForDeploymentPostprocessing = 0;
		};
/* End PBXResourcesBuildPhase section */

/* Begin PBXSourcesBuildPhase section */
		30B962441F68D643000B8803 /* Sources */ = {
			isa = PBXSourcesBuildPhase;
			buildActionMask = 2147483647;
			files = (
				30B9624E1F68D643000B8803 /* ViewController.swift in Sources */,
				30B9624C1F68D643000B8803 /* AppDelegate.swift in Sources */,
				30B9627D1F68D7EA000B8803 /* PlacesTableViewController.swift in Sources */,
			);
			runOnlyForDeploymentPostprocessing = 0;
		};
		30B962581F68D643000B8803 /* Sources */ = {
			isa = PBXSourcesBuildPhase;
			buildActionMask = 2147483647;
			files = (
				30B962611F68D643000B8803 /* memorizedPlaceTests.swift in Sources */,
			);
			runOnlyForDeploymentPostprocessing = 0;
		};
		30B962631F68D643000B8803 /* Sources */ = {
			isa = PBXSourcesBuildPhase;
			buildActionMask = 2147483647;
			files = (
				30B9626C1F68D643000B8803 /* memorizedPlaceUITests.swift in Sources */,
			);
			runOnlyForDeploymentPostprocessing = 0;
		};
/* End PBXSourcesBuildPhase section */

/* Begin PBXTargetDependency section */
		30B9625E1F68D643000B8803 /* PBXTargetDependency */ = {
			isa = PBXTargetDependency;
			target = 30B962471F68D643000B8803 /* memorizedPlace */;
			targetProxy = 30B9625D1F68D643000B8803 /* PBXContainerItemProxy */;
		};
		30B962691F68D643000B8803 /* PBXTargetDependency */ = {
			isa = PBXTargetDependency;
			target = 30B962471F68D643000B8803 /* memorizedPlace */;
			targetProxy = 30B962681F68D643000B8803 /* PBXContainerItemProxy */;
		};
/* End PBXTargetDependency section */

/* Begin PBXVariantGroup section */
		30B9624F1F68D643000B8803 /* Main.storyboard */ = {
			isa = PBXVariantGroup;
			children = (
				30B962501F68D643000B8803 /* Base */,
			);
			name = Main.storyboard;
			sourceTree = "<group>";
		};
		30B962541F68D643000B8803 /* LaunchScreen.storyboard */ = {
			isa = PBXVariantGroup;
			children = (
				30B962551F68D643000B8803 /* Base */,
			);
			name = LaunchScreen.storyboard;
			sourceTree = "<group>";
		};
/* End PBXVariantGroup section */

/* Begin XCBuildConfiguration section */
		30B9626E1F68D643000B8803 /* Debug */ = {
			isa = XCBuildConfiguration;
			buildSettings = {
				ALWAYS_SEARCH_USER_PATHS = NO;
				CLANG_ANALYZER_NONNULL = YES;
				CLANG_ANALYZER_NUMBER_OBJECT_CONVERSION = YES_AGGRESSIVE;
				CLANG_CXX_LANGUAGE_STANDARD = "gnu++0x";
				CLANG_CXX_LIBRARY = "libc++";
				CLANG_ENABLE_MODULES = YES;
				CLANG_ENABLE_OBJC_ARC = YES;
				CLANG_WARN_BOOL_CONVERSION = YES;
				CLANG_WARN_CONSTANT_CONVERSION = YES;
				CLANG_WARN_DIRECT_OBJC_ISA_USAGE = YES_ERROR;
				CLANG_WARN_DOCUMENTATION_COMMENTS = YES;
				CLANG_WARN_EMPTY_BODY = YES;
				CLANG_WARN_ENUM_CONVERSION = YES;
				CLANG_WARN_INFINITE_RECURSION = YES;
				CLANG_WARN_INT_CONVERSION = YES;
				CLANG_WARN_OBJC_ROOT_CLASS = YES_ERROR;
				CLANG_WARN_SUSPICIOUS_MOVE = YES;
				CLANG_WARN_UNREACHABLE_CODE = YES;
				CLANG_WARN__DUPLICATE_METHOD_MATCH = YES;
				"CODE_SIGN_IDENTITY[sdk=iphoneos*]" = "iPhone Developer";
				COPY_PHASE_STRIP = NO;
				DEBUG_INFORMATION_FORMAT = dwarf;
				ENABLE_STRICT_OBJC_MSGSEND = YES;
				ENABLE_TESTABILITY = YES;
				GCC_C_LANGUAGE_STANDARD = gnu99;
				GCC_DYNAMIC_NO_PIC = NO;
				GCC_NO_COMMON_BLOCKS = YES;
				GCC_OPTIMIZATION_LEVEL = 0;
				GCC_PREPROCESSOR_DEFINITIONS = (
					"DEBUG=1",
					"$(inherited)",
				);
				GCC_WARN_64_TO_32_BIT_CONVERSION = YES;
				GCC_WARN_ABOUT_RETURN_TYPE = YES_ERROR;
				GCC_WARN_UNDECLARED_SELECTOR = YES;
				GCC_WARN_UNINITIALIZED_AUTOS = YES_AGGRESSIVE;
				GCC_WARN_UNUSED_FUNCTION = YES;
				GCC_WARN_UNUSED_VARIABLE = YES;
				IPHONEOS_DEPLOYMENT_TARGET = 10.3;
				MTL_ENABLE_DEBUG_INFO = YES;
				ONLY_ACTIVE_ARCH = YES;
				SDKROOT = iphoneos;
				SWIFT_ACTIVE_COMPILATION_CONDITIONS = DEBUG;
				SWIFT_OPTIMIZATION_LEVEL = "-Onone";
				TARGETED_DEVICE_FAMILY = "1,2";
			};
			name = Debug;
		};
		30B9626F1F68D643000B8803 /* Release */ = {
			isa = XCBuildConfiguration;
			buildSettings = {
				ALWAYS_SEARCH_USER_PATHS = NO;
				CLANG_ANALYZER_NONNULL = YES;
				CLANG_ANALYZER_NUMBER_OBJECT_CONVERSION = YES_AGGRESSIVE;
				CLANG_CXX_LANGUAGE_STANDARD = "gnu++0x";
				CLANG_CXX_LIBRARY = "libc++";
				CLANG_ENABLE_MODULES = YES;
				CLANG_ENABLE_OBJC_ARC = YES;
				CLANG_WARN_BOOL_CONVERSION = YES;
				CLANG_WARN_CONSTANT_CONVERSION = YES;
				CLANG_WARN_DIRECT_OBJC_ISA_USAGE = YES_ERROR;
				CLANG_WARN_DOCUMENTATION_COMMENTS = YES;
				CLANG_WARN_EMPTY_BODY = YES;
				CLANG_WARN_ENUM_CONVERSION = YES;
				CLANG_WARN_INFINITE_RECURSION = YES;
				CLANG_WARN_INT_CONVERSION = YES;
				CLANG_WARN_OBJC_ROOT_CLASS = YES_ERROR;
				CLANG_WARN_SUSPICIOUS_MOVE = YES;
				CLANG_WARN_UNREACHABLE_CODE = YES;
				CLANG_WARN__DUPLICATE_METHOD_MATCH = YES;
				"CODE_SIGN_IDENTITY[sdk=iphoneos*]" = "iPhone Developer";
				COPY_PHASE_STRIP = NO;
				DEBUG_INFORMATION_FORMAT = "dwarf-with-dsym";
				ENABLE_NS_ASSERTIONS = NO;
				ENABLE_STRICT_OBJC_MSGSEND = YES;
				GCC_C_LANGUAGE_STANDARD = gnu99;
				GCC_NO_COMMON_BLOCKS = YES;
				GCC_WARN_64_TO_32_BIT_CONVERSION = YES;
				GCC_WARN_ABOUT_RETURN_TYPE = YES_ERROR;
				GCC_WARN_UNDECLARED_SELECTOR = YES;
				GCC_WARN_UNINITIALIZED_AUTOS = YES_AGGRESSIVE;
				GCC_WARN_UNUSED_FUNCTION = YES;
				GCC_WARN_UNUSED_VARIABLE = YES;
				IPHONEOS_DEPLOYMENT_TARGET = 10.3;
				MTL_ENABLE_DEBUG_INFO = NO;
				SDKROOT = iphoneos;
				SWIFT_OPTIMIZATION_LEVEL = "-Owholemodule";
				TARGETED_DEVICE_FAMILY = "1,2";
				VALIDATE_PRODUCT = YES;
			};
			name = Release;
		};
		30B962711F68D643000B8803 /* Debug */ = {
			isa = XCBuildConfiguration;
			buildSettings = {
				ASSETCATALOG_COMPILER_APPICON_NAME = AppIcon;
				INFOPLIST_FILE = memorizedPlace/Info.plist;
				LD_RUNPATH_SEARCH_PATHS = "$(inherited) @executable_path/Frameworks";
				PRODUCT_BUNDLE_IDENTIFIER = jw.memorizedPlace;
				PRODUCT_NAME = "$(TARGET_NAME)";
				SWIFT_VERSION = 3.0;
			};
			name = Debug;
		};
		30B962721F68D643000B8803 /* Release */ = {
			isa = XCBuildConfiguration;
			buildSettings = {
				ASSETCATALOG_COMPILER_APPICON_NAME = AppIcon;
				INFOPLIST_FILE = memorizedPlace/Info.plist;
				LD_RUNPATH_SEARCH_PATHS = "$(inherited) @executable_path/Frameworks";
				PRODUCT_BUNDLE_IDENTIFIER = jw.memorizedPlace;
				PRODUCT_NAME = "$(TARGET_NAME)";
				SWIFT_VERSION = 3.0;
			};
			name = Release;
		};
		30B962741F68D643000B8803 /* Debug */ = {
			isa = XCBuildConfiguration;
			buildSettings = {
				ALWAYS_EMBED_SWIFT_STANDARD_LIBRARIES = YES;
				BUNDLE_LOADER = "$(TEST_HOST)";
				INFOPLIST_FILE = memorizedPlaceTests/Info.plist;
				LD_RUNPATH_SEARCH_PATHS = "$(inherited) @executable_path/Frameworks @loader_path/Frameworks";
				PRODUCT_BUNDLE_IDENTIFIER = jw.memorizedPlaceTests;
				PRODUCT_NAME = "$(TARGET_NAME)";
				SWIFT_VERSION = 3.0;
				TEST_HOST = "$(BUILT_PRODUCTS_DIR)/memorizedPlace.app/memorizedPlace";
			};
			name = Debug;
		};
		30B962751F68D643000B8803 /* Release */ = {
			isa = XCBuildConfiguration;
			buildSettings = {
				ALWAYS_EMBED_SWIFT_STANDARD_LIBRARIES = YES;
				BUNDLE_LOADER = "$(TEST_HOST)";
				INFOPLIST_FILE = memorizedPlaceTests/Info.plist;
				LD_RUNPATH_SEARCH_PATHS = "$(inherited) @executable_path/Frameworks @loader_path/Frameworks";
				PRODUCT_BUNDLE_IDENTIFIER = jw.memorizedPlaceTests;
				PRODUCT_NAME = "$(TARGET_NAME)";
				SWIFT_VERSION = 3.0;
				TEST_HOST = "$(BUILT_PRODUCTS_DIR)/memorizedPlace.app/memorizedPlace";
			};
			name = Release;
		};
		30B962771F68D643000B8803 /* Debug */ = {
			isa = XCBuildConfiguration;
			buildSettings = {
				ALWAYS_EMBED_SWIFT_STANDARD_LIBRARIES = YES;
				INFOPLIST_FILE = memorizedPlaceUITests/Info.plist;
				LD_RUNPATH_SEARCH_PATHS = "$(inherited) @executable_path/Frameworks @loader_path/Frameworks";
				PRODUCT_BUNDLE_IDENTIFIER = jw.memorizedPlaceUITests;
				PRODUCT_NAME = "$(TARGET_NAME)";
				SWIFT_VERSION = 3.0;
				TEST_TARGET_NAME = memorizedPlace;
			};
			name = Debug;
		};
		30B962781F68D643000B8803 /* Release */ = {
			isa = XCBuildConfiguration;
			buildSettings = {
				ALWAYS_EMBED_SWIFT_STANDARD_LIBRARIES = YES;
				INFOPLIST_FILE = memorizedPlaceUITests/Info.plist;
				LD_RUNPATH_SEARCH_PATHS = "$(inherited) @executable_path/Frameworks @loader_path/Frameworks";
				PRODUCT_BUNDLE_IDENTIFIER = jw.memorizedPlaceUITests;
				PRODUCT_NAME = "$(TARGET_NAME)";
				SWIFT_VERSION = 3.0;
				TEST_TARGET_NAME = memorizedPlace;
			};
			name = Release;
		};
/* End XCBuildConfiguration section */

/* Begin XCConfigurationList section */
		30B962431F68D643000B8803 /* Build configuration list for PBXProject "memorizedPlace" */ = {
			isa = XCConfigurationList;
			buildConfigurations = (
				30B9626E1F68D643000B8803 /* Debug */,
				30B9626F1F68D643000B8803 /* Release */,
			);
			defaultConfigurationIsVisible = 0;
			defaultConfigurationName = Release;
		};
		30B962701F68D643000B8803 /* Build configuration list for PBXNativeTarget "memorizedPlace" */ = {
			isa = XCConfigurationList;
			buildConfigurations = (
				30B962711F68D643000B8803 /* Debug */,
				30B962721F68D643000B8803 /* Release */,
			);
			defaultConfigurationIsVisible = 0;
		};
		30B962731F68D643000B8803 /* Build configuration list for PBXNativeTarget "memorizedPlaceTests" */ = {
			isa = XCConfigurationList;
			buildConfigurations = (
				30B962741F68D643000B8803 /* Debug */,
				30B962751F68D643000B8803 /* Release */,
			);
			defaultConfigurationIsVisible = 0;
		};
		30B962761F68D643000B8803 /* Build configuration list for PBXNativeTarget "memorizedPlaceUITests" */ = {
			isa = XCConfigurationList;
			buildConfigurations = (
				30B962771F68D643000B8803 /* Debug */,
				30B962781F68D643000B8803 /* Release */,
			);
			defaultConfigurationIsVisible = 0;
		};
/* End XCConfigurationList section */
	};
	rootObject = 30B962401F68D643000B8803 /* Project object */;
}
