// !$*UTF8*$!
{
	archiveVersion = 1;
	classes = {
	};
	objectVersion = 46;
	objects = {

/* Begin PBXBuildFile section */
		30F048E21F6B626300F4FE22 /* AppDelegate.swift in Sources */ = {isa = PBXBuildFile; fileRef = 30F048E11F6B626300F4FE22 /* AppDelegate.swift */; };
		30F048E41F6B626300F4FE22 /* ViewController.swift in Sources */ = {isa = PBXBuildFile; fileRef = 30F048E31F6B626300F4FE22 /* ViewController.swift */; };
		30F048E71F6B626300F4FE22 /* Main.storyboard in Resources */ = {isa = PBXBuildFile; fileRef = 30F048E51F6B626300F4FE22 /* Main.storyboard */; };
		30F048E91F6B626300F4FE22 /* Assets.xcassets in Resources */ = {isa = PBXBuildFile; fileRef = 30F048E81F6B626300F4FE22 /* Assets.xcassets */; };
		30F048EC1F6B626300F4FE22 /* LaunchScreen.storyboard in Resources */ = {isa = PBXBuildFile; fileRef = 30F048EA1F6B626300F4FE22 /* LaunchScreen.storyboard */; };
		30F048F71F6B626300F4FE22 /* shake_and_swipesTests.swift in Sources */ = {isa = PBXBuildFile; fileRef = 30F048F61F6B626300F4FE22 /* shake_and_swipesTests.swift */; };
		30F049021F6B626300F4FE22 /* shake_and_swipesUITests.swift in Sources */ = {isa = PBXBuildFile; fileRef = 30F049011F6B626300F4FE22 /* shake_and_swipesUITests.swift */; };
/* End PBXBuildFile section */

/* Begin PBXContainerItemProxy section */
		30F048F31F6B626300F4FE22 /* PBXContainerItemProxy */ = {
			isa = PBXContainerItemProxy;
			containerPortal = 30F048D61F6B626200F4FE22 /* Project object */;
			proxyType = 1;
			remoteGlobalIDString = 30F048DD1F6B626300F4FE22;
			remoteInfo = "shake and swipes";
		};
		30F048FE1F6B626300F4FE22 /* PBXContainerItemProxy */ = {
			isa = PBXContainerItemProxy;
			containerPortal = 30F048D61F6B626200F4FE22 /* Project object */;
			proxyType = 1;
			remoteGlobalIDString = 30F048DD1F6B626300F4FE22;
			remoteInfo = "shake and swipes";
		};
/* End PBXContainerItemProxy section */

/* Begin PBXFileReference section */
		30F048DE1F6B626300F4FE22 /* shake and swipes.app */ = {isa = PBXFileReference; explicitFileType = wrapper.application; includeInIndex = 0; path = "shake and swipes.app"; sourceTree = BUILT_PRODUCTS_DIR; };
		30F048E11F6B626300F4FE22 /* AppDelegate.swift */ = {isa = PBXFileReference; lastKnownFileType = sourcecode.swift; path = AppDelegate.swift; sourceTree = "<group>"; };
		30F048E31F6B626300F4FE22 /* ViewController.swift */ = {isa = PBXFileReference; lastKnownFileType = sourcecode.swift; path = ViewController.swift; sourceTree = "<group>"; };
		30F048E61F6B626300F4FE22 /* Base */ = {isa = PBXFileReference; lastKnownFileType = file.storyboard; name = Base; path = Base.lproj/Main.storyboard; sourceTree = "<group>"; };
		30F048E81F6B626300F4FE22 /* Assets.xcassets */ = {isa = PBXFileReference; lastKnownFileType = folder.assetcatalog; path = Assets.xcassets; sourceTree = "<group>"; };
		30F048EB1F6B626300F4FE22 /* Base */ = {isa = PBXFileReference; lastKnownFileType = file.storyboard; name = Base; path = Base.lproj/LaunchScreen.storyboard; sourceTree = "<group>"; };
		30F048ED1F6B626300F4FE22 /* Info.plist */ = {isa = PBXFileReference; lastKnownFileType = text.plist.xml; path = Info.plist; sourceTree = "<group>"; };
		30F048F21F6B626300F4FE22 /* shake and swipesTests.xctest */ = {isa = PBXFileReference; explicitFileType = wrapper.cfbundle; includeInIndex = 0; path = "shake and swipesTests.xctest"; sourceTree = BUILT_PRODUCTS_DIR; };
		30F048F61F6B626300F4FE22 /* shake_and_swipesTests.swift */ = {isa = PBXFileReference; lastKnownFileType = sourcecode.swift; path = shake_and_swipesTests.swift; sourceTree = "<group>"; };
		30F048F81F6B626300F4FE22 /* Info.plist */ = {isa = PBXFileReference; lastKnownFileType = text.plist.xml; path = Info.plist; sourceTree = "<group>"; };
		30F048FD1F6B626300F4FE22 /* shake and swipesUITests.xctest */ = {isa = PBXFileReference; explicitFileType = wrapper.cfbundle; includeInIndex = 0; path = "shake and swipesUITests.xctest"; sourceTree = BUILT_PRODUCTS_DIR; };
		30F049011F6B626300F4FE22 /* shake_and_swipesUITests.swift */ = {isa = PBXFileReference; lastKnownFileType = sourcecode.swift; path = shake_and_swipesUITests.swift; sourceTree = "<group>"; };
		30F049031F6B626300F4FE22 /* Info.plist */ = {isa = PBXFileReference; lastKnownFileType = text.plist.xml; path = Info.plist; sourceTree = "<group>"; };
/* End PBXFileReference section */

/* Begin PBXFrameworksBuildPhase section */
		30F048DB1F6B626300F4FE22 /* Frameworks */ = {
			isa = PBXFrameworksBuildPhase;
			buildActionMask = 2147483647;
			files = (
			);
			runOnlyForDeploymentPostprocessing = 0;
		};
		30F048EF1F6B626300F4FE22 /* Frameworks */ = {
			isa = PBXFrameworksBuildPhase;
			buildActionMask = 2147483647;
			files = (
			);
			runOnlyForDeploymentPostprocessing = 0;
		};
		30F048FA1F6B626300F4FE22 /* Frameworks */ = {
			isa = PBXFrameworksBuildPhase;
			buildActionMask = 2147483647;
			files = (
			);
			runOnlyForDeploymentPostprocessing = 0;
		};
/* End PBXFrameworksBuildPhase section */

/* Begin PBXGroup section */
		30F048D51F6B626200F4FE22 = {
			isa = PBXGroup;
			children = (
				30F048E01F6B626300F4FE22 /* shake and swipes */,
				30F048F51F6B626300F4FE22 /* shake and swipesTests */,
				30F049001F6B626300F4FE22 /* shake and swipesUITests */,
				30F048DF1F6B626300F4FE22 /* Products */,
			);
			sourceTree = "<group>";
		};
		30F048DF1F6B626300F4FE22 /* Products */ = {
			isa = PBXGroup;
			children = (
				30F048DE1F6B626300F4FE22 /* shake and swipes.app */,
				30F048F21F6B626300F4FE22 /* shake and swipesTests.xctest */,
				30F048FD1F6B626300F4FE22 /* shake and swipesUITests.xctest */,
			);
			name = Products;
			sourceTree = "<group>";
		};
		30F048E01F6B626300F4FE22 /* shake and swipes */ = {
			isa = PBXGroup;
			children = (
				30F048E11F6B626300F4FE22 /* AppDelegate.swift */,
				30F048E31F6B626300F4FE22 /* ViewController.swift */,
				30F048E51F6B626300F4FE22 /* Main.storyboard */,
				30F048E81F6B626300F4FE22 /* Assets.xcassets */,
				30F048EA1F6B626300F4FE22 /* LaunchScreen.storyboard */,
				30F048ED1F6B626300F4FE22 /* Info.plist */,
			);
			path = "shake and swipes";
			sourceTree = "<group>";
		};
		30F048F51F6B626300F4FE22 /* shake and swipesTests */ = {
			isa = PBXGroup;
			children = (
				30F048F61F6B626300F4FE22 /* shake_and_swipesTests.swift */,
				30F048F81F6B626300F4FE22 /* Info.plist */,
			);
			path = "shake and swipesTests";
			sourceTree = "<group>";
		};
		30F049001F6B626300F4FE22 /* shake and swipesUITests */ = {
			isa = PBXGroup;
			children = (
				30F049011F6B626300F4FE22 /* shake_and_swipesUITests.swift */,
				30F049031F6B626300F4FE22 /* Info.plist */,
			);
			path = "shake and swipesUITests";
			sourceTree = "<group>";
		};
/* End PBXGroup section */

/* Begin PBXNativeTarget section */
		30F048DD1F6B626300F4FE22 /* shake and swipes */ = {
			isa = PBXNativeTarget;
			buildConfigurationList = 30F049061F6B626300F4FE22 /* Build configuration list for PBXNativeTarget "shake and swipes" */;
			buildPhases = (
				30F048DA1F6B626300F4FE22 /* Sources */,
				30F048DB1F6B626300F4FE22 /* Frameworks */,
				30F048DC1F6B626300F4FE22 /* Resources */,
			);
			buildRules = (
			);
			dependencies = (
			);
			name = "shake and swipes";
			productName = "shake and swipes";
			productReference = 30F048DE1F6B626300F4FE22 /* shake and swipes.app */;
			productType = "com.apple.product-type.application";
		};
		30F048F11F6B626300F4FE22 /* shake and swipesTests */ = {
			isa = PBXNativeTarget;
			buildConfigurationList = 30F049091F6B626300F4FE22 /* Build configuration list for PBXNativeTarget "shake and swipesTests" */;
			buildPhases = (
				30F048EE1F6B626300F4FE22 /* Sources */,
				30F048EF1F6B626300F4FE22 /* Frameworks */,
				30F048F01F6B626300F4FE22 /* Resources */,
			);
			buildRules = (
			);
			dependencies = (
				30F048F41F6B626300F4FE22 /* PBXTargetDependency */,
			);
			name = "shake and swipesTests";
			productName = "shake and swipesTests";
			productReference = 30F048F21F6B626300F4FE22 /* shake and swipesTests.xctest */;
			productType = "com.apple.product-type.bundle.unit-test";
		};
		30F048FC1F6B626300F4FE22 /* shake and swipesUITests */ = {
			isa = PBXNativeTarget;
			buildConfigurationList = 30F0490C1F6B626300F4FE22 /* Build configuration list for PBXNativeTarget "shake and swipesUITests" */;
			buildPhases = (
				30F048F91F6B626300F4FE22 /* Sources */,
				30F048FA1F6B626300F4FE22 /* Frameworks */,
				30F048FB1F6B626300F4FE22 /* Resources */,
			);
			buildRules = (
			);
			dependencies = (
				30F048FF1F6B626300F4FE22 /* PBXTargetDependency */,
			);
			name = "shake and swipesUITests";
			productName = "shake and swipesUITests";
			productReference = 30F048FD1F6B626300F4FE22 /* shake and swipesUITests.xctest */;
			productType = "com.apple.product-type.bundle.ui-testing";
		};
/* End PBXNativeTarget section */

/* Begin PBXProject section */
		30F048D61F6B626200F4FE22 /* Project object */ = {
			isa = PBXProject;
			attributes = {
				LastSwiftUpdateCheck = 0830;
				LastUpgradeCheck = 0830;
				ORGANIZATIONNAME = "Jiawei Zhao";
				TargetAttributes = {
					30F048DD1F6B626300F4FE22 = {
						CreatedOnToolsVersion = 8.3.3;
						ProvisioningStyle = Automatic;
					};
					30F048F11F6B626300F4FE22 = {
						CreatedOnToolsVersion = 8.3.3;
						ProvisioningStyle = Automatic;
						TestTargetID = 30F048DD1F6B626300F4FE22;
					};
					30F048FC1F6B626300F4FE22 = {
						CreatedOnToolsVersion = 8.3.3;
						ProvisioningStyle = Automatic;
						TestTargetID = 30F048DD1F6B626300F4FE22;
					};
				};
			};
			buildConfigurationList = 30F048D91F6B626200F4FE22 /* Build configuration list for PBXProject "shake and swipes" */;
			compatibilityVersion = "Xcode 3.2";
			developmentRegion = English;
			hasScannedForEncodings = 0;
			knownRegions = (
				en,
				Base,
			);
			mainGroup = 30F048D51F6B626200F4FE22;
			productRefGroup = 30F048DF1F6B626300F4FE22 /* Products */;
			projectDirPath = "";
			projectRoot = "";
			targets = (
				30F048DD1F6B626300F4FE22 /* shake and swipes */,
				30F048F11F6B626300F4FE22 /* shake and swipesTests */,
				30F048FC1F6B626300F4FE22 /* shake and swipesUITests */,
			);
		};
/* End PBXProject section */

/* Begin PBXResourcesBuildPhase section */
		30F048DC1F6B626300F4FE22 /* Resources */ = {
			isa = PBXResourcesBuildPhase;
			buildActionMask = 2147483647;
			files = (
				30F048EC1F6B626300F4FE22 /* LaunchScreen.storyboard in Resources */,
				30F048E91F6B626300F4FE22 /* Assets.xcassets in Resources */,
				30F048E71F6B626300F4FE22 /* Main.storyboard in Resources */,
			);
			runOnlyForDeploymentPostprocessing = 0;
		};
		30F048F01F6B626300F4FE22 /* Resources */ = {
			isa = PBXResourcesBuildPhase;
			buildActionMask = 2147483647;
			files = (
			);
			runOnlyForDeploymentPostprocessing = 0;
		};
		30F048FB1F6B626300F4FE22 /* Resources */ = {
			isa = PBXResourcesBuildPhase;
			buildActionMask = 2147483647;
			files = (
			);
			runOnlyForDeploymentPostprocessing = 0;
		};
/* End PBXResourcesBuildPhase section */

/* Begin PBXSourcesBuildPhase section */
		30F048DA1F6B626300F4FE22 /* Sources */ = {
			isa = PBXSourcesBuildPhase;
			buildActionMask = 2147483647;
			files = (
				30F048E41F6B626300F4FE22 /* ViewController.swift in Sources */,
				30F048E21F6B626300F4FE22 /* AppDelegate.swift in Sources */,
			);
			runOnlyForDeploymentPostprocessing = 0;
		};
		30F048EE1F6B626300F4FE22 /* Sources */ = {
			isa = PBXSourcesBuildPhase;
			buildActionMask = 2147483647;
			files = (
				30F048F71F6B626300F4FE22 /* shake_and_swipesTests.swift in Sources */,
			);
			runOnlyForDeploymentPostprocessing = 0;
		};
		30F048F91F6B626300F4FE22 /* Sources */ = {
			isa = PBXSourcesBuildPhase;
			buildActionMask = 2147483647;
			files = (
				30F049021F6B626300F4FE22 /* shake_and_swipesUITests.swift in Sources */,
			);
			runOnlyForDeploymentPostprocessing = 0;
		};
/* End PBXSourcesBuildPhase section */

/* Begin PBXTargetDependency section */
		30F048F41F6B626300F4FE22 /* PBXTargetDependency */ = {
			isa = PBXTargetDependency;
			target = 30F048DD1F6B626300F4FE22 /* shake and swipes */;
			targetProxy = 30F048F31F6B626300F4FE22 /* PBXContainerItemProxy */;
		};
		30F048FF1F6B626300F4FE22 /* PBXTargetDependency */ = {
			isa = PBXTargetDependency;
			target = 30F048DD1F6B626300F4FE22 /* shake and swipes */;
			targetProxy = 30F048FE1F6B626300F4FE22 /* PBXContainerItemProxy */;
		};
/* End PBXTargetDependency section */

/* Begin PBXVariantGroup section */
		30F048E51F6B626300F4FE22 /* Main.storyboard */ = {
			isa = PBXVariantGroup;
			children = (
				30F048E61F6B626300F4FE22 /* Base */,
			);
			name = Main.storyboard;
			sourceTree = "<group>";
		};
		30F048EA1F6B626300F4FE22 /* LaunchScreen.storyboard */ = {
			isa = PBXVariantGroup;
			children = (
				30F048EB1F6B626300F4FE22 /* Base */,
			);
			name = LaunchScreen.storyboard;
			sourceTree = "<group>";
		};
/* End PBXVariantGroup section */

/* Begin XCBuildConfiguration section */
		30F049041F6B626300F4FE22 /* Debug */ = {
			isa = XCBuildConfiguration;
			buildSettings = {
				ALWAYS_SEARCH_USER_PATHS = NO;
				CLANG_ANALYZER_NONNULL = YES;
				CLANG_ANALYZER_NUMBER_OBJECT_CONVERSION = YES_AGGRESSIVE;
				CLANG_CXX_LANGUAGE_STANDARD = "gnu++0x";
				CLANG_CXX_LIBRARY = "libc++";
				CLANG_ENABLE_MODULES = YES;
				CLANG_ENABLE_OBJC_ARC = YES;
				CLANG_WARN_BOOL_CONVERSION = YES;
				CLANG_WARN_CONSTANT_CONVERSION = YES;
				CLANG_WARN_DIRECT_OBJC_ISA_USAGE = YES_ERROR;
				CLANG_WARN_DOCUMENTATION_COMMENTS = YES;
				CLANG_WARN_EMPTY_BODY = YES;
				CLANG_WARN_ENUM_CONVERSION = YES;
				CLANG_WARN_INFINITE_RECURSION = YES;
				CLANG_WARN_INT_CONVERSION = YES;
				CLANG_WARN_OBJC_ROOT_CLASS = YES_ERROR;
				CLANG_WARN_SUSPICIOUS_MOVE = YES;
				CLANG_WARN_UNREACHABLE_CODE = YES;
				CLANG_WARN__DUPLICATE_METHOD_MATCH = YES;
				"CODE_SIGN_IDENTITY[sdk=iphoneos*]" = "iPhone Developer";
				COPY_PHASE_STRIP = NO;
				DEBUG_INFORMATION_FORMAT = dwarf;
				ENABLE_STRICT_OBJC_MSGSEND = YES;
				ENABLE_TESTABILITY = YES;
				GCC_C_LANGUAGE_STANDARD = gnu99;
				GCC_DYNAMIC_NO_PIC = NO;
				GCC_NO_COMMON_BLOCKS = YES;
				GCC_OPTIMIZATION_LEVEL = 0;
				GCC_PREPROCESSOR_DEFINITIONS = (
					"DEBUG=1",
					"$(inherited)",
				);
				GCC_WARN_64_TO_32_BIT_CONVERSION = YES;
				GCC_WARN_ABOUT_RETURN_TYPE = YES_ERROR;
				GCC_WARN_UNDECLARED_SELECTOR = YES;
				GCC_WARN_UNINITIALIZED_AUTOS = YES_AGGRESSIVE;
				GCC_WARN_UNUSED_FUNCTION = YES;
				GCC_WARN_UNUSED_VARIABLE = YES;
				IPHONEOS_DEPLOYMENT_TARGET = 10.3;
				MTL_ENABLE_DEBUG_INFO = YES;
				ONLY_ACTIVE_ARCH = YES;
				SDKROOT = iphoneos;
				SWIFT_ACTIVE_COMPILATION_CONDITIONS = DEBUG;
				SWIFT_OPTIMIZATION_LEVEL = "-Onone";
				TARGETED_DEVICE_FAMILY = "1,2";
			};
			name = Debug;
		};
		30F049051F6B626300F4FE22 /* Release */ = {
			isa = XCBuildConfiguration;
			buildSettings = {
				ALWAYS_SEARCH_USER_PATHS = NO;
				CLANG_ANALYZER_NONNULL = YES;
				CLANG_ANALYZER_NUMBER_OBJECT_CONVERSION = YES_AGGRESSIVE;
				CLANG_CXX_LANGUAGE_STANDARD = "gnu++0x";
				CLANG_CXX_LIBRARY = "libc++";
				CLANG_ENABLE_MODULES = YES;
				CLANG_ENABLE_OBJC_ARC = YES;
				CLANG_WARN_BOOL_CONVERSION = YES;
				CLANG_WARN_CONSTANT_CONVERSION = YES;
				CLANG_WARN_DIRECT_OBJC_ISA_USAGE = YES_ERROR;
				CLANG_WARN_DOCUMENTATION_COMMENTS = YES;
				CLANG_WARN_EMPTY_BODY = YES;
				CLANG_WARN_ENUM_CONVERSION = YES;
				CLANG_WARN_INFINITE_RECURSION = YES;
				CLANG_WARN_INT_CONVERSION = YES;
				CLANG_WARN_OBJC_ROOT_CLASS = YES_ERROR;
				CLANG_WARN_SUSPICIOUS_MOVE = YES;
				CLANG_WARN_UNREACHABLE_CODE = YES;
				CLANG_WARN__DUPLICATE_METHOD_MATCH = YES;
				"CODE_SIGN_IDENTITY[sdk=iphoneos*]" = "iPhone Developer";
				COPY_PHASE_STRIP = NO;
				DEBUG_INFORMATION_FORMAT = "dwarf-with-dsym";
				ENABLE_NS_ASSERTIONS = NO;
				ENABLE_STRICT_OBJC_MSGSEND = YES;
				GCC_C_LANGUAGE_STANDARD = gnu99;
				GCC_NO_COMMON_BLOCKS = YES;
				GCC_WARN_64_TO_32_BIT_CONVERSION = YES;
				GCC_WARN_ABOUT_RETURN_TYPE = YES_ERROR;
				GCC_WARN_UNDECLARED_SELECTOR = YES;
				GCC_WARN_UNINITIALIZED_AUTOS = YES_AGGRESSIVE;
				GCC_WARN_UNUSED_FUNCTION = YES;
				GCC_WARN_UNUSED_VARIABLE = YES;
				IPHONEOS_DEPLOYMENT_TARGET = 10.3;
				MTL_ENABLE_DEBUG_INFO = NO;
				SDKROOT = iphoneos;
				SWIFT_OPTIMIZATION_LEVEL = "-Owholemodule";
				TARGETED_DEVICE_FAMILY = "1,2";
				VALIDATE_PRODUCT = YES;
			};
			name = Release;
		};
		30F049071F6B626300F4FE22 /* Debug */ = {
			isa = XCBuildConfiguration;
			buildSettings = {
				ASSETCATALOG_COMPILER_APPICON_NAME = AppIcon;
				INFOPLIST_FILE = "shake and swipes/Info.plist";
				LD_RUNPATH_SEARCH_PATHS = "$(inherited) @executable_path/Frameworks";
				PRODUCT_BUNDLE_IDENTIFIER = "jw.shake-and-swipes";
				PRODUCT_NAME = "$(TARGET_NAME)";
				SWIFT_VERSION = 3.0;
			};
			name = Debug;
		};
		30F049081F6B626300F4FE22 /* Release */ = {
			isa = XCBuildConfiguration;
			buildSettings = {
				ASSETCATALOG_COMPILER_APPICON_NAME = AppIcon;
				INFOPLIST_FILE = "shake and swipes/Info.plist";
				LD_RUNPATH_SEARCH_PATHS = "$(inherited) @executable_path/Frameworks";
				PRODUCT_BUNDLE_IDENTIFIER = "jw.shake-and-swipes";
				PRODUCT_NAME = "$(TARGET_NAME)";
				SWIFT_VERSION = 3.0;
			};
			name = Release;
		};
		30F0490A1F6B626300F4FE22 /* Debug */ = {
			isa = XCBuildConfiguration;
			buildSettings = {
				ALWAYS_EMBED_SWIFT_STANDARD_LIBRARIES = YES;
				BUNDLE_LOADER = "$(TEST_HOST)";
				INFOPLIST_FILE = "shake and swipesTests/Info.plist";
				LD_RUNPATH_SEARCH_PATHS = "$(inherited) @executable_path/Frameworks @loader_path/Frameworks";
				PRODUCT_BUNDLE_IDENTIFIER = "jw.shake-and-swipesTests";
				PRODUCT_NAME = "$(TARGET_NAME)";
				SWIFT_VERSION = 3.0;
				TEST_HOST = "$(BUILT_PRODUCTS_DIR)/shake and swipes.app/shake and swipes";
			};
			name = Debug;
		};
		30F0490B1F6B626300F4FE22 /* Release */ = {
			isa = XCBuildConfiguration;
			buildSettings = {
				ALWAYS_EMBED_SWIFT_STANDARD_LIBRARIES = YES;
				BUNDLE_LOADER = "$(TEST_HOST)";
				INFOPLIST_FILE = "shake and swipesTests/Info.plist";
				LD_RUNPATH_SEARCH_PATHS = "$(inherited) @executable_path/Frameworks @loader_path/Frameworks";
				PRODUCT_BUNDLE_IDENTIFIER = "jw.shake-and-swipesTests";
				PRODUCT_NAME = "$(TARGET_NAME)";
				SWIFT_VERSION = 3.0;
				TEST_HOST = "$(BUILT_PRODUCTS_DIR)/shake and swipes.app/shake and swipes";
			};
			name = Release;
		};
		30F0490D1F6B626300F4FE22 /* Debug */ = {
			isa = XCBuildConfiguration;
			buildSettings = {
				ALWAYS_EMBED_SWIFT_STANDARD_LIBRARIES = YES;
				INFOPLIST_FILE = "shake and swipesUITests/Info.plist";
				LD_RUNPATH_SEARCH_PATHS = "$(inherited) @executable_path/Frameworks @loader_path/Frameworks";
				PRODUCT_BUNDLE_IDENTIFIER = "jw.shake-and-swipesUITests";
				PRODUCT_NAME = "$(TARGET_NAME)";
				SWIFT_VERSION = 3.0;
				TEST_TARGET_NAME = "shake and swipes";
			};
			name = Debug;
		};
		30F0490E1F6B626300F4FE22 /* Release */ = {
			isa = XCBuildConfiguration;
			buildSettings = {
				ALWAYS_EMBED_SWIFT_STANDARD_LIBRARIES = YES;
				INFOPLIST_FILE = "shake and swipesUITests/Info.plist";
				LD_RUNPATH_SEARCH_PATHS = "$(inherited) @executable_path/Frameworks @loader_path/Frameworks";
				PRODUCT_BUNDLE_IDENTIFIER = "jw.shake-and-swipesUITests";
				PRODUCT_NAME = "$(TARGET_NAME)";
				SWIFT_VERSION = 3.0;
				TEST_TARGET_NAME = "shake and swipes";
			};
			name = Release;
		};
/* End XCBuildConfiguration section */

/* Begin XCConfigurationList section */
		30F048D91F6B626200F4FE22 /* Build configuration list for PBXProject "shake and swipes" */ = {
			isa = XCConfigurationList;
			buildConfigurations = (
				30F049041F6B626300F4FE22 /* Debug */,
				30F049051F6B626300F4FE22 /* Release */,
			);
			defaultConfigurationIsVisible = 0;
			defaultConfigurationName = Release;
		};
		30F049061F6B626300F4FE22 /* Build configuration list for PBXNativeTarget "shake and swipes" */ = {
			isa = XCConfigurationList;
			buildConfigurations = (
				30F049071F6B626300F4FE22 /* Debug */,
				30F049081F6B626300F4FE22 /* Release */,
			);
			defaultConfigurationIsVisible = 0;
		};
		30F049091F6B626300F4FE22 /* Build configuration list for PBXNativeTarget "shake and swipesTests" */ = {
			isa = XCConfigurationList;
			buildConfigurations = (
				30F0490A1F6B626300F4FE22 /* Debug */,
				30F0490B1F6B626300F4FE22 /* Release */,
			);
			defaultConfigurationIsVisible = 0;
		};
		30F0490C1F6B626300F4FE22 /* Build configuration list for PBXNativeTarget "shake and swipesUITests" */ = {
			isa = XCConfigurationList;
			buildConfigurations = (
				30F0490D1F6B626300F4FE22 /* Debug */,
				30F0490E1F6B626300F4FE22 /* Release */,
			);
			defaultConfigurationIsVisible = 0;
		};
/* End XCConfigurationList section */
	};
	rootObject = 30F048D61F6B626200F4FE22 /* Project object */;
}
